// !$*UTF8*$!
{
	archiveVersion = 1;
	classes = {
	};
	objectVersion = 55;
	objects = {

/* Begin PBXBuildFile section */
		D14719D228F5CD3200831384 /* AppDelegate.swift in Sources */ = {isa = PBXBuildFile; fileRef = D14719D128F5CD3200831384 /* AppDelegate.swift */; };
		D14719D428F5CD3200831384 /* SceneDelegate.swift in Sources */ = {isa = PBXBuildFile; fileRef = D14719D328F5CD3200831384 /* SceneDelegate.swift */; };
		D14719D628F5CD3200831384 /* FirstViewController.swift in Sources */ = {isa = PBXBuildFile; fileRef = D14719D528F5CD3200831384 /* FirstViewController.swift */; };
		D14719D928F5CD3200831384 /* Main.storyboard in Resources */ = {isa = PBXBuildFile; fileRef = D14719D728F5CD3200831384 /* Main.storyboard */; };
		D14719DB28F5CD3400831384 /* Assets.xcassets in Resources */ = {isa = PBXBuildFile; fileRef = D14719DA28F5CD3400831384 /* Assets.xcassets */; };
		D14719DE28F5CD3400831384 /* LaunchScreen.storyboard in Resources */ = {isa = PBXBuildFile; fileRef = D14719DC28F5CD3400831384 /* LaunchScreen.storyboard */; };
		D14719E628F5D4E000831384 /* SecondViewController.swift in Sources */ = {isa = PBXBuildFile; fileRef = D14719E528F5D4E000831384 /* SecondViewController.swift */; };
		D14719E828F5F37800831384 /* ThirdViewController.swift in Sources */ = {isa = PBXBuildFile; fileRef = D14719E728F5F37800831384 /* ThirdViewController.swift */; };
		D14719EA28F74F9B00831384 /* driving_ViewController.swift in Sources */ = {isa = PBXBuildFile; fileRef = D14719E928F74F9B00831384 /* driving_ViewController.swift */; };
		D14719EC28F8D11B00831384 /* drivingQuestions.swift in Sources */ = {isa = PBXBuildFile; fileRef = D14719EB28F8D11B00831384 /* drivingQuestions.swift */; };
		D14719EE28F8D75E00831384 /* questionsTemplate.swift in Sources */ = {isa = PBXBuildFile; fileRef = D14719ED28F8D75E00831384 /* questionsTemplate.swift */; };
		D14719F028F9C1B200831384 /* drugQuestions.swift in Sources */ = {isa = PBXBuildFile; fileRef = D14719EF28F9C1B200831384 /* drugQuestions.swift */; };
		D14719F228F9C1C900831384 /* teenQuestions.swift in Sources */ = {isa = PBXBuildFile; fileRef = D14719F128F9C1C900831384 /* teenQuestions.swift */; };
		D14719F428F9E0D700831384 /* gunQuestions.swift in Sources */ = {isa = PBXBuildFile; fileRef = D14719F328F9E0D700831384 /* gunQuestions.swift */; };
		D14719F628F9E3ED00831384 /* drug_ViewController.swift in Sources */ = {isa = PBXBuildFile; fileRef = D14719F528F9E3ED00831384 /* drug_ViewController.swift */; };
		D14719F828F9E4F400831384 /* questionController.swift in Sources */ = {isa = PBXBuildFile; fileRef = D14719F728F9E4F400831384 /* questionController.swift */; };
		D14719FA28FA099700831384 /* Teen_ViewController.swift in Sources */ = {isa = PBXBuildFile; fileRef = D14719F928FA099700831384 /* Teen_ViewController.swift */; };
		D14719FC28FA0D0A00831384 /* Gun_ViewController.swift in Sources */ = {isa = PBXBuildFile; fileRef = D14719FB28FA0D0A00831384 /* Gun_ViewController.swift */; };
		D14719FE2900520800831384 /* DummyViewController.swift in Sources */ = {isa = PBXBuildFile; fileRef = D14719FD2900520700831384 /* DummyViewController.swift */; };
		D1471A00290CBDD700831384 /* cyberQuestions.swift in Sources */ = {isa = PBXBuildFile; fileRef = D14719FF290CBDD600831384 /* cyberQuestions.swift */; };
/* End PBXBuildFile section */

/* Begin PBXFileReference section */
		D14719CE28F5CD3200831384 /* TeenSpace.app */ = {isa = PBXFileReference; explicitFileType = wrapper.application; includeInIndex = 0; path = TeenSpace.app; sourceTree = BUILT_PRODUCTS_DIR; };
		D14719D128F5CD3200831384 /* AppDelegate.swift */ = {isa = PBXFileReference; lastKnownFileType = sourcecode.swift; path = AppDelegate.swift; sourceTree = "<group>"; };
		D14719D328F5CD3200831384 /* SceneDelegate.swift */ = {isa = PBXFileReference; lastKnownFileType = sourcecode.swift; path = SceneDelegate.swift; sourceTree = "<group>"; };
		D14719D528F5CD3200831384 /* FirstViewController.swift */ = {isa = PBXFileReference; lastKnownFileType = sourcecode.swift; path = FirstViewController.swift; sourceTree = "<group>"; };
		D14719D828F5CD3200831384 /* Base */ = {isa = PBXFileReference; lastKnownFileType = file.storyboard; name = Base; path = Base.lproj/Main.storyboard; sourceTree = "<group>"; };
		D14719DA28F5CD3400831384 /* Assets.xcassets */ = {isa = PBXFileReference; lastKnownFileType = folder.assetcatalog; path = Assets.xcassets; sourceTree = "<group>"; };
		D14719DD28F5CD3400831384 /* Base */ = {isa = PBXFileReference; lastKnownFileType = file.storyboard; name = Base; path = Base.lproj/LaunchScreen.storyboard; sourceTree = "<group>"; };
		D14719DF28F5CD3400831384 /* Info.plist */ = {isa = PBXFileReference; lastKnownFileType = text.plist.xml; path = Info.plist; sourceTree = "<group>"; };
		D14719E528F5D4E000831384 /* SecondViewController.swift */ = {isa = PBXFileReference; lastKnownFileType = sourcecode.swift; path = SecondViewController.swift; sourceTree = "<group>"; };
		D14719E728F5F37800831384 /* ThirdViewController.swift */ = {isa = PBXFileReference; lastKnownFileType = sourcecode.swift; path = ThirdViewController.swift; sourceTree = "<group>"; };
		D14719E928F74F9B00831384 /* driving_ViewController.swift */ = {isa = PBXFileReference; lastKnownFileType = sourcecode.swift; path = driving_ViewController.swift; sourceTree = "<group>"; };
		D14719EB28F8D11B00831384 /* drivingQuestions.swift */ = {isa = PBXFileReference; lastKnownFileType = sourcecode.swift; path = drivingQuestions.swift; sourceTree = "<group>"; };
		D14719ED28F8D75E00831384 /* questionsTemplate.swift */ = {isa = PBXFileReference; lastKnownFileType = sourcecode.swift; path = questionsTemplate.swift; sourceTree = "<group>"; };
		D14719EF28F9C1B200831384 /* drugQuestions.swift */ = {isa = PBXFileReference; lastKnownFileType = sourcecode.swift; path = drugQuestions.swift; sourceTree = "<group>"; };
		D14719F128F9C1C900831384 /* teenQuestions.swift */ = {isa = PBXFileReference; lastKnownFileType = sourcecode.swift; path = teenQuestions.swift; sourceTree = "<group>"; };
		D14719F328F9E0D700831384 /* gunQuestions.swift */ = {isa = PBXFileReference; lastKnownFileType = sourcecode.swift; path = gunQuestions.swift; sourceTree = "<group>"; };
		D14719F528F9E3ED00831384 /* drug_ViewController.swift */ = {isa = PBXFileReference; lastKnownFileType = sourcecode.swift; path = drug_ViewController.swift; sourceTree = "<group>"; };
		D14719F728F9E4F400831384 /* questionController.swift */ = {isa = PBXFileReference; lastKnownFileType = sourcecode.swift; path = questionController.swift; sourceTree = "<group>"; };
		D14719F928FA099700831384 /* Teen_ViewController.swift */ = {isa = PBXFileReference; lastKnownFileType = sourcecode.swift; path = Teen_ViewController.swift; sourceTree = "<group>"; };
		D14719FB28FA0D0A00831384 /* Gun_ViewController.swift */ = {isa = PBXFileReference; lastKnownFileType = sourcecode.swift; path = Gun_ViewController.swift; sourceTree = "<group>"; };
		D14719FD2900520700831384 /* DummyViewController.swift */ = {isa = PBXFileReference; lastKnownFileType = sourcecode.swift; path = DummyViewController.swift; sourceTree = "<group>"; };
		D14719FF290CBDD600831384 /* cyberQuestions.swift */ = {isa = PBXFileReference; lastKnownFileType = sourcecode.swift; path = cyberQuestions.swift; sourceTree = "<group>"; };
/* End PBXFileReference section */

/* Begin PBXFrameworksBuildPhase section */
		D14719CB28F5CD3200831384 /* Frameworks */ = {
			isa = PBXFrameworksBuildPhase;
			buildActionMask = 2147483647;
			files = (
			);
			runOnlyForDeploymentPostprocessing = 0;
		};
/* End PBXFrameworksBuildPhase section */

/* Begin PBXGroup section */
		D14719C528F5CD3200831384 = {
			isa = PBXGroup;
			children = (
				D14719D028F5CD3200831384 /* tutorial */,
				D14719CF28F5CD3200831384 /* Products */,
			);
			sourceTree = "<group>";
		};
		D14719CF28F5CD3200831384 /* Products */ = {
			isa = PBXGroup;
			children = (
				D14719CE28F5CD3200831384 /* TeenSpace.app */,
			);
			name = Products;
			sourceTree = "<group>";
		};
		D14719D028F5CD3200831384 /* tutorial */ = {
			isa = PBXGroup;
			children = (
				D14719D128F5CD3200831384 /* AppDelegate.swift */,
				D14719D328F5CD3200831384 /* SceneDelegate.swift */,
				D14719D528F5CD3200831384 /* FirstViewController.swift */,
				D14719E528F5D4E000831384 /* SecondViewController.swift */,
				D14719F728F9E4F400831384 /* questionController.swift */,
				D14719E728F5F37800831384 /* ThirdViewController.swift */,
				D14719E928F74F9B00831384 /* driving_ViewController.swift */,
				D14719F528F9E3ED00831384 /* drug_ViewController.swift */,
				D14719F928FA099700831384 /* Teen_ViewController.swift */,
				D14719FB28FA0D0A00831384 /* Gun_ViewController.swift */,
				D14719ED28F8D75E00831384 /* questionsTemplate.swift */,
				D14719FF290CBDD600831384 /* cyberQuestions.swift */,
				D14719EB28F8D11B00831384 /* drivingQuestions.swift */,
				D14719EF28F9C1B200831384 /* drugQuestions.swift */,
				D14719F128F9C1C900831384 /* teenQuestions.swift */,
				D14719F328F9E0D700831384 /* gunQuestions.swift */,
				D14719D728F5CD3200831384 /* Main.storyboard */,
				D14719FD2900520700831384 /* DummyViewController.swift */,
				D14719DA28F5CD3400831384 /* Assets.xcassets */,
				D14719DC28F5CD3400831384 /* LaunchScreen.storyboard */,
				D14719DF28F5CD3400831384 /* Info.plist */,
			);
			path = tutorial;
			sourceTree = "<group>";
		};
/* End PBXGroup section */

/* Begin PBXNativeTarget section */
		D14719CD28F5CD3200831384 /* TeenSpace */ = {
			isa = PBXNativeTarget;
			buildConfigurationList = D14719E228F5CD3400831384 /* Build configuration list for PBXNativeTarget "TeenSpace" */;
			buildPhases = (
				D14719CA28F5CD3200831384 /* Sources */,
				D14719CB28F5CD3200831384 /* Frameworks */,
				D14719CC28F5CD3200831384 /* Resources */,
			);
			buildRules = (
			);
			dependencies = (
			);
			name = TeenSpace;
			productName = tutorial;
			productReference = D14719CE28F5CD3200831384 /* TeenSpace.app */;
			productType = "com.apple.product-type.application";
		};
/* End PBXNativeTarget section */

/* Begin PBXProject section */
		D14719C628F5CD3200831384 /* Project object */ = {
			isa = PBXProject;
			attributes = {
				BuildIndependentTargetsInParallel = 1;
				LastSwiftUpdateCheck = 1340;
				LastUpgradeCheck = 1340;
				TargetAttributes = {
					D14719CD28F5CD3200831384 = {
						CreatedOnToolsVersion = 13.4.1;
					};
				};
			};
			buildConfigurationList = D14719C928F5CD3200831384 /* Build configuration list for PBXProject "TeenSpace" */;
			compatibilityVersion = "Xcode 13.0";
			developmentRegion = en;
			hasScannedForEncodings = 0;
			knownRegions = (
				en,
				Base,
			);
			mainGroup = D14719C528F5CD3200831384;
			productRefGroup = D14719CF28F5CD3200831384 /* Products */;
			projectDirPath = "";
			projectRoot = "";
			targets = (
				D14719CD28F5CD3200831384 /* TeenSpace */,
			);
		};
/* End PBXProject section */

/* Begin PBXResourcesBuildPhase section */
		D14719CC28F5CD3200831384 /* Resources */ = {
			isa = PBXResourcesBuildPhase;
			buildActionMask = 2147483647;
			files = (
				D14719DE28F5CD3400831384 /* LaunchScreen.storyboard in Resources */,
				D14719DB28F5CD3400831384 /* Assets.xcassets in Resources */,
				D14719D928F5CD3200831384 /* Main.storyboard in Resources */,
			);
			runOnlyForDeploymentPostprocessing = 0;
		};
/* End PBXResourcesBuildPhase section */

/* Begin PBXSourcesBuildPhase section */
		D14719CA28F5CD3200831384 /* Sources */ = {
			isa = PBXSourcesBuildPhase;
			buildActionMask = 2147483647;
			files = (
				D14719E628F5D4E000831384 /* SecondViewController.swift in Sources */,
				D14719EE28F8D75E00831384 /* questionsTemplate.swift in Sources */,
				D14719D628F5CD3200831384 /* FirstViewController.swift in Sources */,
				D14719E828F5F37800831384 /* ThirdViewController.swift in Sources */,
				D1471A00290CBDD700831384 /* cyberQuestions.swift in Sources */,
				D14719F028F9C1B200831384 /* drugQuestions.swift in Sources */,
				D14719D228F5CD3200831384 /* AppDelegate.swift in Sources */,
				D14719F828F9E4F400831384 /* questionController.swift in Sources */,
				D14719EA28F74F9B00831384 /* driving_ViewController.swift in Sources */,
				D14719D428F5CD3200831384 /* SceneDelegate.swift in Sources */,
				D14719F628F9E3ED00831384 /* drug_ViewController.swift in Sources */,
				D14719FC28FA0D0A00831384 /* Gun_ViewController.swift in Sources */,
				D14719FA28FA099700831384 /* Teen_ViewController.swift in Sources */,
				D14719F228F9C1C900831384 /* teenQuestions.swift in Sources */,
				D14719EC28F8D11B00831384 /* drivingQuestions.swift in Sources */,
				D14719F428F9E0D700831384 /* gunQuestions.swift in Sources */,
				D14719FE2900520800831384 /* DummyViewController.swift in Sources */,
			);
			runOnlyForDeploymentPostprocessing = 0;
		};
/* End PBXSourcesBuildPhase section */

/* Begin PBXVariantGroup section */
		D14719D728F5CD3200831384 /* Main.storyboard */ = {
			isa = PBXVariantGroup;
			children = (
				D14719D828F5CD3200831384 /* Base */,
			);
			name = Main.storyboard;
			sourceTree = "<group>";
		};
		D14719DC28F5CD3400831384 /* LaunchScreen.storyboard */ = {
			isa = PBXVariantGroup;
			children = (
				D14719DD28F5CD3400831384 /* Base */,
			);
			name = LaunchScreen.storyboard;
			sourceTree = "<group>";
		};
/* End PBXVariantGroup section */

/* Begin XCBuildConfiguration section */
		D14719E028F5CD3400831384 /* Debug */ = {
			isa = XCBuildConfiguration;
			buildSettings = {
				ALWAYS_SEARCH_USER_PATHS = NO;
				CLANG_ANALYZER_NONNULL = YES;
				CLANG_ANALYZER_NUMBER_OBJECT_CONVERSION = YES_AGGRESSIVE;
				CLANG_CXX_LANGUAGE_STANDARD = "gnu++17";
				CLANG_ENABLE_MODULES = YES;
				CLANG_ENABLE_OBJC_ARC = YES;
				CLANG_ENABLE_OBJC_WEAK = YES;
				CLANG_WARN_BLOCK_CAPTURE_AUTORELEASING = YES;
				CLANG_WARN_BOOL_CONVERSION = YES;
				CLANG_WARN_COMMA = YES;
				CLANG_WARN_CONSTANT_CONVERSION = YES;
				CLANG_WARN_DEPRECATED_OBJC_IMPLEMENTATIONS = YES;
				CLANG_WARN_DIRECT_OBJC_ISA_USAGE = YES_ERROR;
				CLANG_WARN_DOCUMENTATION_COMMENTS = YES;
				CLANG_WARN_EMPTY_BODY = YES;
				CLANG_WARN_ENUM_CONVERSION = YES;
				CLANG_WARN_INFINITE_RECURSION = YES;
				CLANG_WARN_INT_CONVERSION = YES;
				CLANG_WARN_NON_LITERAL_NULL_CONVERSION = YES;
				CLANG_WARN_OBJC_IMPLICIT_RETAIN_SELF = YES;
				CLANG_WARN_OBJC_LITERAL_CONVERSION = YES;
				CLANG_WARN_OBJC_ROOT_CLASS = YES_ERROR;
				CLANG_WARN_QUOTED_INCLUDE_IN_FRAMEWORK_HEADER = YES;
				CLANG_WARN_RANGE_LOOP_ANALYSIS = YES;
				CLANG_WARN_STRICT_PROTOTYPES = YES;
				CLANG_WARN_SUSPICIOUS_MOVE = YES;
				CLANG_WARN_UNGUARDED_AVAILABILITY = YES_AGGRESSIVE;
				CLANG_WARN_UNREACHABLE_CODE = YES;
				CLANG_WARN__DUPLICATE_METHOD_MATCH = YES;
				COPY_PHASE_STRIP = NO;
				DEBUG_INFORMATION_FORMAT = dwarf;
				ENABLE_STRICT_OBJC_MSGSEND = YES;
				ENABLE_TESTABILITY = YES;
				GCC_C_LANGUAGE_STANDARD = gnu11;
				GCC_DYNAMIC_NO_PIC = NO;
				GCC_NO_COMMON_BLOCKS = YES;
				GCC_OPTIMIZATION_LEVEL = 0;
				GCC_PREPROCESSOR_DEFINITIONS = (
					"DEBUG=1",
					"$(inherited)",
				);
				GCC_WARN_64_TO_32_BIT_CONVERSION = YES;
				GCC_WARN_ABOUT_RETURN_TYPE = YES_ERROR;
				GCC_WARN_UNDECLARED_SELECTOR = YES;
				GCC_WARN_UNINITIALIZED_AUTOS = YES_AGGRESSIVE;
				GCC_WARN_UNUSED_FUNCTION = YES;
				GCC_WARN_UNUSED_VARIABLE = YES;
				IPHONEOS_DEPLOYMENT_TARGET = 15.5;
				MTL_ENABLE_DEBUG_INFO = INCLUDE_SOURCE;
				MTL_FAST_MATH = YES;
				ONLY_ACTIVE_ARCH = YES;
				SDKROOT = iphoneos;
				SWIFT_ACTIVE_COMPILATION_CONDITIONS = DEBUG;
				SWIFT_OPTIMIZATION_LEVEL = "-Onone";
			};
			name = Debug;
		};
		D14719E128F5CD3400831384 /* Release */ = {
			isa = XCBuildConfiguration;
			buildSettings = {
				ALWAYS_SEARCH_USER_PATHS = NO;
				CLANG_ANALYZER_NONNULL = YES;
				CLANG_ANALYZER_NUMBER_OBJECT_CONVERSION = YES_AGGRESSIVE;
				CLANG_CXX_LANGUAGE_STANDARD = "gnu++17";
				CLANG_ENABLE_MODULES = YES;
				CLANG_ENABLE_OBJC_ARC = YES;
				CLANG_ENABLE_OBJC_WEAK = YES;
				CLANG_WARN_BLOCK_CAPTURE_AUTORELEASING = YES;
				CLANG_WARN_BOOL_CONVERSION = YES;
				CLANG_WARN_COMMA = YES;
				CLANG_WARN_CONSTANT_CONVERSION = YES;
				CLANG_WARN_DEPRECATED_OBJC_IMPLEMENTATIONS = YES;
				CLANG_WARN_DIRECT_OBJC_ISA_USAGE = YES_ERROR;
				CLANG_WARN_DOCUMENTATION_COMMENTS = YES;
				CLANG_WARN_EMPTY_BODY = YES;
				CLANG_WARN_ENUM_CONVERSION = YES;
				CLANG_WARN_INFINITE_RECURSION = YES;
				CLANG_WARN_INT_CONVERSION = YES;
				CLANG_WARN_NON_LITERAL_NULL_CONVERSION = YES;
				CLANG_WARN_OBJC_IMPLICIT_RETAIN_SELF = YES;
				CLANG_WARN_OBJC_LITERAL_CONVERSION = YES;
				CLANG_WARN_OBJC_ROOT_CLASS = YES_ERROR;
				CLANG_WARN_QUOTED_INCLUDE_IN_FRAMEWORK_HEADER = YES;
				CLANG_WARN_RANGE_LOOP_ANALYSIS = YES;
				CLANG_WARN_STRICT_PROTOTYPES = YES;
				CLANG_WARN_SUSPICIOUS_MOVE = YES;
				CLANG_WARN_UNGUARDED_AVAILABILITY = YES_AGGRESSIVE;
				CLANG_WARN_UNREACHABLE_CODE = YES;
				CLANG_WARN__DUPLICATE_METHOD_MATCH = YES;
				COPY_PHASE_STRIP = NO;
				DEBUG_INFORMATION_FORMAT = "dwarf-with-dsym";
				ENABLE_NS_ASSERTIONS = NO;
				ENABLE_STRICT_OBJC_MSGSEND = YES;
				GCC_C_LANGUAGE_STANDARD = gnu11;
				GCC_NO_COMMON_BLOCKS = YES;
				GCC_WARN_64_TO_32_BIT_CONVERSION = YES;
				GCC_WARN_ABOUT_RETURN_TYPE = YES_ERROR;
				GCC_WARN_UNDECLARED_SELECTOR = YES;
				GCC_WARN_UNINITIALIZED_AUTOS = YES_AGGRESSIVE;
				GCC_WARN_UNUSED_FUNCTION = YES;
				GCC_WARN_UNUSED_VARIABLE = YES;
				IPHONEOS_DEPLOYMENT_TARGET = 15.5;
				MTL_ENABLE_DEBUG_INFO = NO;
				MTL_FAST_MATH = YES;
				SDKROOT = iphoneos;
				SWIFT_COMPILATION_MODE = wholemodule;
				SWIFT_OPTIMIZATION_LEVEL = "-O";
				VALIDATE_PRODUCT = YES;
			};
			name = Release;
		};
		D14719E328F5CD3400831384 /* Debug */ = {
			isa = XCBuildConfiguration;
			buildSettings = {
				ASSETCATALOG_COMPILER_APPICON_NAME = AppIcon;
				ASSETCATALOG_COMPILER_GLOBAL_ACCENT_COLOR_NAME = AccentColor;
				CODE_SIGN_STYLE = Automatic;
				CURRENT_PROJECT_VERSION = 1;
				DEVELOPMENT_TEAM = 337BVBFT6L;
				GENERATE_INFOPLIST_FILE = YES;
				INFOPLIST_FILE = tutorial/Info.plist;
				INFOPLIST_KEY_CFBundleDisplayName = TeenSpace;
				INFOPLIST_KEY_UIApplicationSupportsIndirectInputEvents = YES;
				INFOPLIST_KEY_UILaunchStoryboardName = LaunchScreen;
				INFOPLIST_KEY_UIMainStoryboardFile = Main;
				INFOPLIST_KEY_UISupportedInterfaceOrientations_iPad = "UIInterfaceOrientationPortrait UIInterfaceOrientationPortraitUpsideDown UIInterfaceOrientationLandscapeLeft UIInterfaceOrientationLandscapeRight";
				INFOPLIST_KEY_UISupportedInterfaceOrientations_iPhone = "UIInterfaceOrientationPortrait UIInterfaceOrientationLandscapeLeft UIInterfaceOrientationLandscapeRight";
				LD_RUNPATH_SEARCH_PATHS = (
					"$(inherited)",
					"@executable_path/Frameworks",
				);
				MARKETING_VERSION = 1.0;
				PRODUCT_BUNDLE_IDENTIFIER = com.rini.App.tutorial;
				PRODUCT_NAME = "$(TARGET_NAME)";
				SWIFT_EMIT_LOC_STRINGS = YES;
				SWIFT_VERSION = 5.0;
				TARGETED_DEVICE_FAMILY = "1,2";
			};
			name = Debug;
		};
		D14719E428F5CD3400831384 /* Release */ = {
			isa = XCBuildConfiguration;
			buildSettings = {
				ASSETCATALOG_COMPILER_APPICON_NAME = AppIcon;
				ASSETCATALOG_COMPILER_GLOBAL_ACCENT_COLOR_NAME = AccentColor;
				CODE_SIGN_STYLE = Automatic;
				CURRENT_PROJECT_VERSION = 1;
				DEVELOPMENT_TEAM = 337BVBFT6L;
				GENERATE_INFOPLIST_FILE = YES;
				INFOPLIST_FILE = tutorial/Info.plist;
				INFOPLIST_KEY_CFBundleDisplayName = TeenSpace;
				INFOPLIST_KEY_UIApplicationSupportsIndirectInputEvents = YES;
				INFOPLIST_KEY_UILaunchStoryboardName = LaunchScreen;
				INFOPLIST_KEY_UIMainStoryboardFile = Main;
				INFOPLIST_KEY_UISupportedInterfaceOrientations_iPad = "UIInterfaceOrientationPortrait UIInterfaceOrientationPortraitUpsideDown UIInterfaceOrientationLandscapeLeft UIInterfaceOrientationLandscapeRight";
				INFOPLIST_KEY_UISupportedInterfaceOrientations_iPhone = "UIInterfaceOrientationPortrait UIInterfaceOrientationLandscapeLeft UIInterfaceOrientationLandscapeRight";
				LD_RUNPATH_SEARCH_PATHS = (
					"$(inherited)",
					"@executable_path/Frameworks",
				);
				MARKETING_VERSION = 1.0;
				PRODUCT_BUNDLE_IDENTIFIER = com.rini.App.tutorial;
				PRODUCT_NAME = "$(TARGET_NAME)";
				SWIFT_EMIT_LOC_STRINGS = YES;
				SWIFT_VERSION = 5.0;
				TARGETED_DEVICE_FAMILY = "1,2";
			};
			name = Release;
		};
/* End XCBuildConfiguration section */

/* Begin XCConfigurationList section */
		D14719C928F5CD3200831384 /* Build configuration list for PBXProject "TeenSpace" */ = {
			isa = XCConfigurationList;
			buildConfigurations = (
				D14719E028F5CD3400831384 /* Debug */,
				D14719E128F5CD3400831384 /* Release */,
			);
			defaultConfigurationIsVisible = 0;
			defaultConfigurationName = Release;
		};
		D14719E228F5CD3400831384 /* Build configuration list for PBXNativeTarget "TeenSpace" */ = {
			isa = XCConfigurationList;
			buildConfigurations = (
				D14719E328F5CD3400831384 /* Debug */,
				D14719E428F5CD3400831384 /* Release */,
			);
			defaultConfigurationIsVisible = 0;
			defaultConfigurationName = Release;
		};
/* End XCConfigurationList section */
	};
	rootObject = D14719C628F5CD3200831384 /* Project object */;
}
